// !$*UTF8*$!
{
	archiveVersion = 1;
	classes = {
	};
	objectVersion = 48;
	objects = {

/* Begin PBXBuildFile section */
		1E04A49503777A4884AF3B2C /* Pods_MPQRPayment.framework in Frameworks */ = {isa = PBXBuildFile; fileRef = 88BD9B435CCAC46108932C17 /* Pods_MPQRPayment.framework */; };
		2B3F55C822449BB873B477F8 /* Pods_MPQRPaymentTests.framework in Frameworks */ = {isa = PBXBuildFile; fileRef = DB0280776098EA1A7741FE41 /* Pods_MPQRPaymentTests.framework */; };
		C10736B11FA08C0000646ACE /* Transaction.m in Sources */ = {isa = PBXBuildFile; fileRef = C10736B01FA08C0000646ACE /* Transaction.m */; };
		C10736B81FA093E500646ACE /* PaymentInstrument.m in Sources */ = {isa = PBXBuildFile; fileRef = C10736B71FA093E500646ACE /* PaymentInstrument.m */; };
		C10736BB1FA09B9000646ACE /* User.m in Sources */ = {isa = PBXBuildFile; fileRef = C10736BA1FA09B9000646ACE /* User.m */; };
		C10736BF1FA0CD6500646ACE /* MPQRService.m in Sources */ = {isa = PBXBuildFile; fileRef = C10736BE1FA0CD6500646ACE /* MPQRService.m */; };
		C10736C31FA0CF7D00646ACE /* LoginResponse.m in Sources */ = {isa = PBXBuildFile; fileRef = C10736C21FA0CF7D00646ACE /* LoginResponse.m */; };
		C10736C71FA0D50200646ACE /* MPQRServer.m in Sources */ = {isa = PBXBuildFile; fileRef = C10736C61FA0D50200646ACE /* MPQRServer.m */; };
		C10736CA1FA14E8D00646ACE /* Receipt.m in Sources */ = {isa = PBXBuildFile; fileRef = C10736C81FA14E8D00646ACE /* Receipt.m */; };
		C10736CD1FA1508B00646ACE /* Merchant.m in Sources */ = {isa = PBXBuildFile; fileRef = C10736CC1FA1508B00646ACE /* Merchant.m */; };
		C10736D01FA1753100646ACE /* PaymentData.m in Sources */ = {isa = PBXBuildFile; fileRef = C10736CF1FA1753100646ACE /* PaymentData.m */; };
		C10736D41FA1798500646ACE /* LoginViewController.m in Sources */ = {isa = PBXBuildFile; fileRef = C10736D31FA1798500646ACE /* LoginViewController.m */; };
		C10736D71FA17C8200646ACE /* LoginManager.m in Sources */ = {isa = PBXBuildFile; fileRef = C10736D61FA17C8200646ACE /* LoginManager.m */; };
		C10736DB1FA1AA8900646ACE /* UserManager.m in Sources */ = {isa = PBXBuildFile; fileRef = C10736DA1FA1AA8900646ACE /* UserManager.m */; };
		C10736DF1FA1F71A00646ACE /* PaymentManager.m in Sources */ = {isa = PBXBuildFile; fileRef = C10736DE1FA1F71A00646ACE /* PaymentManager.m */; };
		C10736E21FA21E1E00646ACE /* PaymentViewController.m in Sources */ = {isa = PBXBuildFile; fileRef = C10736E11FA21E1E00646ACE /* PaymentViewController.m */; };
		C10736E91FA2DADA00646ACE /* TransactionListViewController.m in Sources */ = {isa = PBXBuildFile; fileRef = C10736E81FA2DADA00646ACE /* TransactionListViewController.m */; };
		C10736EC1FA320D400646ACE /* TransactionDetailViewController.m in Sources */ = {isa = PBXBuildFile; fileRef = C10736EB1FA320D400646ACE /* TransactionDetailViewController.m */; };
		C13D1AC51FBC107800C29CB0 /* MoneyInput.m in Sources */ = {isa = PBXBuildFile; fileRef = C13D1AC41FBC107800C29CB0 /* MoneyInput.m */; };
		C1481A471FA598D30044FAA3 /* DialogViewController.m in Sources */ = {isa = PBXBuildFile; fileRef = C1481A461FA598D30044FAA3 /* DialogViewController.m */; };
		C1481A4A1FA59A910044FAA3 /* ColorManager.m in Sources */ = {isa = PBXBuildFile; fileRef = C1481A491FA59A910044FAA3 /* ColorManager.m */; };
		C1B29B751FA06FBD00EA873F /* AppDelegate.m in Sources */ = {isa = PBXBuildFile; fileRef = C1B29B741FA06FBD00EA873F /* AppDelegate.m */; };
		C1B29B781FA06FBD00EA873F /* MainViewController.m in Sources */ = {isa = PBXBuildFile; fileRef = C1B29B771FA06FBD00EA873F /* MainViewController.m */; };
		C1B29B7B1FA06FBD00EA873F /* Main.storyboard in Resources */ = {isa = PBXBuildFile; fileRef = C1B29B791FA06FBD00EA873F /* Main.storyboard */; };
		C1B29B7D1FA06FBD00EA873F /* Assets.xcassets in Resources */ = {isa = PBXBuildFile; fileRef = C1B29B7C1FA06FBD00EA873F /* Assets.xcassets */; };
		C1B29B801FA06FBD00EA873F /* LaunchScreen.storyboard in Resources */ = {isa = PBXBuildFile; fileRef = C1B29B7E1FA06FBD00EA873F /* LaunchScreen.storyboard */; };
		C1B29B831FA06FBD00EA873F /* main.m in Sources */ = {isa = PBXBuildFile; fileRef = C1B29B821FA06FBD00EA873F /* main.m */; };
		C1B29B8D1FA06FBD00EA873F /* MPQRPaymentTests.m in Sources */ = {isa = PBXBuildFile; fileRef = C1B29B8C1FA06FBD00EA873F /* MPQRPaymentTests.m */; };
		C1B3EB711FBD6F2C009C99FB /* RLMPaymentInstrument.m in Sources */ = {isa = PBXBuildFile; fileRef = C1B3EB6C1FBD6F23009C99FB /* RLMPaymentInstrument.m */; };
		C1B3EB721FBD6F2F009C99FB /* RLMTransaction.m in Sources */ = {isa = PBXBuildFile; fileRef = C1B3EB6E1FBD6F23009C99FB /* RLMTransaction.m */; };
		C1B3EB731FBD6F33009C99FB /* RLMUser.m in Sources */ = {isa = PBXBuildFile; fileRef = C1B3EB701FBD6F23009C99FB /* RLMUser.m */; };
		C1C077791FAA106400D26D8C /* ChangeDefaultCardRequest.m in Sources */ = {isa = PBXBuildFile; fileRef = C1C077781FAA106400D26D8C /* ChangeDefaultCardRequest.m */; };
		C1C0777C1FAA128700D26D8C /* TransactionsRequest.m in Sources */ = {isa = PBXBuildFile; fileRef = C1C0777B1FAA128700D26D8C /* TransactionsRequest.m */; };
		C1C0777F1FAA14DE00D26D8C /* MakePaymentRequest.m in Sources */ = {isa = PBXBuildFile; fileRef = C1C0777E1FAA14DE00D26D8C /* MakePaymentRequest.m */; };
		C1D5BC8F1FA6BA4A0050CE45 /* PinDialogViewController.m in Sources */ = {isa = PBXBuildFile; fileRef = C1D5BC8E1FA6BA4A0050CE45 /* PinDialogViewController.m */; };
		C1D5BC921FA6E2CF0050CE45 /* ReceiptViewController.m in Sources */ = {isa = PBXBuildFile; fileRef = C1D5BC911FA6E2CF0050CE45 /* ReceiptViewController.m */; };
		C1D5BC971FA80B3E0050CE45 /* BaseViewController.m in Sources */ = {isa = PBXBuildFile; fileRef = C1D5BC961FA80B3E0050CE45 /* BaseViewController.m */; };
		C1D5BC9A1FA817C00050CE45 /* CardChooserViewController.m in Sources */ = {isa = PBXBuildFile; fileRef = C1D5BC991FA817C00050CE45 /* CardChooserViewController.m */; };
		C1D5BCA61FA82B8F0050CE45 /* InstrumentChooserTableViewCell.m in Sources */ = {isa = PBXBuildFile; fileRef = C1D5BCA41FA82B8F0050CE45 /* InstrumentChooserTableViewCell.m */; };
		C1D5BCA71FA82B8F0050CE45 /* InstrumentChooserTableViewCell.xib in Resources */ = {isa = PBXBuildFile; fileRef = C1D5BCA51FA82B8F0050CE45 /* InstrumentChooserTableViewCell.xib */; };
		C1D5BCAA1FA8471B0050CE45 /* CurrencyFormatter.m in Sources */ = {isa = PBXBuildFile; fileRef = C1D5BCA91FA8471B0050CE45 /* CurrencyFormatter.m */; };
		C1D5BCB31FA87A000050CE45 /* LoginRequest.m in Sources */ = {isa = PBXBuildFile; fileRef = C1D5BCB21FA87A000050CE45 /* LoginRequest.m */; };
		C1D5BCB61FA882F80050CE45 /* GetUserInfoRequest.m in Sources */ = {isa = PBXBuildFile; fileRef = C1D5BCB51FA882F80050CE45 /* GetUserInfoRequest.m */; };
		C1D5BCB91FA884680050CE45 /* BaseRequest.m in Sources */ = {isa = PBXBuildFile; fileRef = C1D5BCB81FA884680050CE45 /* BaseRequest.m */; };
		C1D5BCBC1FA885610050CE45 /* LogoutRequest.m in Sources */ = {isa = PBXBuildFile; fileRef = C1D5BCBB1FA885610050CE45 /* LogoutRequest.m */; };
/* End PBXBuildFile section */

/* Begin PBXContainerItemProxy section */
		C1B29B891FA06FBD00EA873F /* PBXContainerItemProxy */ = {
			isa = PBXContainerItemProxy;
			containerPortal = C1B29B681FA06FBC00EA873F /* Project object */;
			proxyType = 1;
			remoteGlobalIDString = C1B29B6F1FA06FBD00EA873F;
			remoteInfo = MPQRPayment;
		};
/* End PBXContainerItemProxy section */

/* Begin PBXFileReference section */
		02957072AFC40B903C4C0997 /* Pods-MPQRPaymentTests.release.xcconfig */ = {isa = PBXFileReference; includeInIndex = 1; lastKnownFileType = text.xcconfig; name = "Pods-MPQRPaymentTests.release.xcconfig"; path = "Pods/Target Support Files/Pods-MPQRPaymentTests/Pods-MPQRPaymentTests.release.xcconfig"; sourceTree = "<group>"; };
		090F6C11300E6AEE939A12B4 /* Pods-MPQRPaymentTests.debug.xcconfig */ = {isa = PBXFileReference; includeInIndex = 1; lastKnownFileType = text.xcconfig; name = "Pods-MPQRPaymentTests.debug.xcconfig"; path = "Pods/Target Support Files/Pods-MPQRPaymentTests/Pods-MPQRPaymentTests.debug.xcconfig"; sourceTree = "<group>"; };
		3E1DBE0D57F0A70FFCFA335C /* Pods-MPQRPayment.release.xcconfig */ = {isa = PBXFileReference; includeInIndex = 1; lastKnownFileType = text.xcconfig; name = "Pods-MPQRPayment.release.xcconfig"; path = "Pods/Target Support Files/Pods-MPQRPayment/Pods-MPQRPayment.release.xcconfig"; sourceTree = "<group>"; };
		88BD9B435CCAC46108932C17 /* Pods_MPQRPayment.framework */ = {isa = PBXFileReference; explicitFileType = wrapper.framework; includeInIndex = 0; path = Pods_MPQRPayment.framework; sourceTree = BUILT_PRODUCTS_DIR; };
		A8D394D60302AD498BA79033 /* Pods-MPQRPayment.debug.xcconfig */ = {isa = PBXFileReference; includeInIndex = 1; lastKnownFileType = text.xcconfig; name = "Pods-MPQRPayment.debug.xcconfig"; path = "Pods/Target Support Files/Pods-MPQRPayment/Pods-MPQRPayment.debug.xcconfig"; sourceTree = "<group>"; };
		C10736AF1FA08C0000646ACE /* Transaction.h */ = {isa = PBXFileReference; lastKnownFileType = sourcecode.c.h; path = Transaction.h; sourceTree = "<group>"; };
		C10736B01FA08C0000646ACE /* Transaction.m */ = {isa = PBXFileReference; lastKnownFileType = sourcecode.c.objc; path = Transaction.m; sourceTree = "<group>"; };
		C10736B61FA093E500646ACE /* PaymentInstrument.h */ = {isa = PBXFileReference; lastKnownFileType = sourcecode.c.h; path = PaymentInstrument.h; sourceTree = "<group>"; };
		C10736B71FA093E500646ACE /* PaymentInstrument.m */ = {isa = PBXFileReference; lastKnownFileType = sourcecode.c.objc; path = PaymentInstrument.m; sourceTree = "<group>"; };
		C10736B91FA09B9000646ACE /* User.h */ = {isa = PBXFileReference; lastKnownFileType = sourcecode.c.h; path = User.h; sourceTree = "<group>"; };
		C10736BA1FA09B9000646ACE /* User.m */ = {isa = PBXFileReference; lastKnownFileType = sourcecode.c.objc; path = User.m; sourceTree = "<group>"; };
		C10736BD1FA0CD6500646ACE /* MPQRService.h */ = {isa = PBXFileReference; lastKnownFileType = sourcecode.c.h; path = MPQRService.h; sourceTree = "<group>"; };
		C10736BE1FA0CD6500646ACE /* MPQRService.m */ = {isa = PBXFileReference; lastKnownFileType = sourcecode.c.objc; path = MPQRService.m; sourceTree = "<group>"; };
		C10736C11FA0CF7D00646ACE /* LoginResponse.h */ = {isa = PBXFileReference; lastKnownFileType = sourcecode.c.h; path = LoginResponse.h; sourceTree = "<group>"; };
		C10736C21FA0CF7D00646ACE /* LoginResponse.m */ = {isa = PBXFileReference; lastKnownFileType = sourcecode.c.objc; path = LoginResponse.m; sourceTree = "<group>"; };
		C10736C51FA0D50200646ACE /* MPQRServer.h */ = {isa = PBXFileReference; lastKnownFileType = sourcecode.c.h; path = MPQRServer.h; sourceTree = "<group>"; };
		C10736C61FA0D50200646ACE /* MPQRServer.m */ = {isa = PBXFileReference; lastKnownFileType = sourcecode.c.objc; path = MPQRServer.m; sourceTree = "<group>"; };
		C10736C81FA14E8D00646ACE /* Receipt.m */ = {isa = PBXFileReference; lastKnownFileType = sourcecode.c.objc; path = Receipt.m; sourceTree = "<group>"; };
		C10736C91FA14E8D00646ACE /* Receipt.h */ = {isa = PBXFileReference; lastKnownFileType = sourcecode.c.h; path = Receipt.h; sourceTree = "<group>"; };
		C10736CB1FA1508B00646ACE /* Merchant.h */ = {isa = PBXFileReference; lastKnownFileType = sourcecode.c.h; path = Merchant.h; sourceTree = "<group>"; };
		C10736CC1FA1508B00646ACE /* Merchant.m */ = {isa = PBXFileReference; lastKnownFileType = sourcecode.c.objc; path = Merchant.m; sourceTree = "<group>"; };
		C10736CE1FA1753100646ACE /* PaymentData.h */ = {isa = PBXFileReference; lastKnownFileType = sourcecode.c.h; path = PaymentData.h; sourceTree = "<group>"; };
		C10736CF1FA1753100646ACE /* PaymentData.m */ = {isa = PBXFileReference; lastKnownFileType = sourcecode.c.objc; path = PaymentData.m; sourceTree = "<group>"; };
		C10736D21FA1798500646ACE /* LoginViewController.h */ = {isa = PBXFileReference; lastKnownFileType = sourcecode.c.h; path = LoginViewController.h; sourceTree = "<group>"; };
		C10736D31FA1798500646ACE /* LoginViewController.m */ = {isa = PBXFileReference; lastKnownFileType = sourcecode.c.objc; path = LoginViewController.m; sourceTree = "<group>"; };
		C10736D51FA17C8200646ACE /* LoginManager.h */ = {isa = PBXFileReference; lastKnownFileType = sourcecode.c.h; path = LoginManager.h; sourceTree = "<group>"; };
		C10736D61FA17C8200646ACE /* LoginManager.m */ = {isa = PBXFileReference; lastKnownFileType = sourcecode.c.objc; path = LoginManager.m; sourceTree = "<group>"; };
		C10736D91FA1AA8900646ACE /* UserManager.h */ = {isa = PBXFileReference; lastKnownFileType = sourcecode.c.h; path = UserManager.h; sourceTree = "<group>"; };
		C10736DA1FA1AA8900646ACE /* UserManager.m */ = {isa = PBXFileReference; lastKnownFileType = sourcecode.c.objc; path = UserManager.m; sourceTree = "<group>"; };
		C10736DD1FA1F71A00646ACE /* PaymentManager.h */ = {isa = PBXFileReference; lastKnownFileType = sourcecode.c.h; path = PaymentManager.h; sourceTree = "<group>"; };
		C10736DE1FA1F71A00646ACE /* PaymentManager.m */ = {isa = PBXFileReference; lastKnownFileType = sourcecode.c.objc; path = PaymentManager.m; sourceTree = "<group>"; };
		C10736E01FA21E1E00646ACE /* PaymentViewController.h */ = {isa = PBXFileReference; lastKnownFileType = sourcecode.c.h; path = PaymentViewController.h; sourceTree = "<group>"; };
		C10736E11FA21E1E00646ACE /* PaymentViewController.m */ = {isa = PBXFileReference; lastKnownFileType = sourcecode.c.objc; path = PaymentViewController.m; sourceTree = "<group>"; };
		C10736E71FA2DADA00646ACE /* TransactionListViewController.h */ = {isa = PBXFileReference; lastKnownFileType = sourcecode.c.h; path = TransactionListViewController.h; sourceTree = "<group>"; };
		C10736E81FA2DADA00646ACE /* TransactionListViewController.m */ = {isa = PBXFileReference; lastKnownFileType = sourcecode.c.objc; path = TransactionListViewController.m; sourceTree = "<group>"; };
		C10736EA1FA320D400646ACE /* TransactionDetailViewController.h */ = {isa = PBXFileReference; lastKnownFileType = sourcecode.c.h; path = TransactionDetailViewController.h; sourceTree = "<group>"; };
		C10736EB1FA320D400646ACE /* TransactionDetailViewController.m */ = {isa = PBXFileReference; lastKnownFileType = sourcecode.c.objc; path = TransactionDetailViewController.m; sourceTree = "<group>"; };
		C13D1AC31FBC107800C29CB0 /* MoneyInput.h */ = {isa = PBXFileReference; lastKnownFileType = sourcecode.c.h; path = MoneyInput.h; sourceTree = "<group>"; };
		C13D1AC41FBC107800C29CB0 /* MoneyInput.m */ = {isa = PBXFileReference; lastKnownFileType = sourcecode.c.objc; path = MoneyInput.m; sourceTree = "<group>"; };
		C1481A451FA598D30044FAA3 /* DialogViewController.h */ = {isa = PBXFileReference; lastKnownFileType = sourcecode.c.h; path = DialogViewController.h; sourceTree = "<group>"; };
		C1481A461FA598D30044FAA3 /* DialogViewController.m */ = {isa = PBXFileReference; lastKnownFileType = sourcecode.c.objc; path = DialogViewController.m; sourceTree = "<group>"; };
		C1481A481FA59A910044FAA3 /* ColorManager.h */ = {isa = PBXFileReference; lastKnownFileType = sourcecode.c.h; path = ColorManager.h; sourceTree = "<group>"; };
		C1481A491FA59A910044FAA3 /* ColorManager.m */ = {isa = PBXFileReference; lastKnownFileType = sourcecode.c.objc; path = ColorManager.m; sourceTree = "<group>"; };
		C1B29B701FA06FBD00EA873F /* MPQRPayment.app */ = {isa = PBXFileReference; explicitFileType = wrapper.application; includeInIndex = 0; path = MPQRPayment.app; sourceTree = BUILT_PRODUCTS_DIR; };
		C1B29B731FA06FBD00EA873F /* AppDelegate.h */ = {isa = PBXFileReference; lastKnownFileType = sourcecode.c.h; path = AppDelegate.h; sourceTree = "<group>"; };
		C1B29B741FA06FBD00EA873F /* AppDelegate.m */ = {isa = PBXFileReference; lastKnownFileType = sourcecode.c.objc; path = AppDelegate.m; sourceTree = "<group>"; };
		C1B29B761FA06FBD00EA873F /* MainViewController.h */ = {isa = PBXFileReference; lastKnownFileType = sourcecode.c.h; path = MainViewController.h; sourceTree = "<group>"; };
		C1B29B771FA06FBD00EA873F /* MainViewController.m */ = {isa = PBXFileReference; lastKnownFileType = sourcecode.c.objc; path = MainViewController.m; sourceTree = "<group>"; };
		C1B29B7A1FA06FBD00EA873F /* Base */ = {isa = PBXFileReference; lastKnownFileType = file.storyboard; name = Base; path = Base.lproj/Main.storyboard; sourceTree = "<group>"; };
		C1B29B7C1FA06FBD00EA873F /* Assets.xcassets */ = {isa = PBXFileReference; lastKnownFileType = folder.assetcatalog; path = Assets.xcassets; sourceTree = "<group>"; };
		C1B29B7F1FA06FBD00EA873F /* Base */ = {isa = PBXFileReference; lastKnownFileType = file.storyboard; name = Base; path = Base.lproj/LaunchScreen.storyboard; sourceTree = "<group>"; };
		C1B29B811FA06FBD00EA873F /* Info.plist */ = {isa = PBXFileReference; lastKnownFileType = text.plist.xml; path = Info.plist; sourceTree = "<group>"; };
		C1B29B821FA06FBD00EA873F /* main.m */ = {isa = PBXFileReference; lastKnownFileType = sourcecode.c.objc; path = main.m; sourceTree = "<group>"; };
		C1B29B881FA06FBD00EA873F /* MPQRPaymentTests.xctest */ = {isa = PBXFileReference; explicitFileType = wrapper.cfbundle; includeInIndex = 0; path = MPQRPaymentTests.xctest; sourceTree = BUILT_PRODUCTS_DIR; };
		C1B29B8C1FA06FBD00EA873F /* MPQRPaymentTests.m */ = {isa = PBXFileReference; lastKnownFileType = sourcecode.c.objc; path = MPQRPaymentTests.m; sourceTree = "<group>"; };
		C1B29B8E1FA06FBD00EA873F /* Info.plist */ = {isa = PBXFileReference; lastKnownFileType = text.plist.xml; path = Info.plist; sourceTree = "<group>"; };
		C1B3EB6B1FBD6F23009C99FB /* RLMPaymentInstrument.h */ = {isa = PBXFileReference; lastKnownFileType = sourcecode.c.h; path = RLMPaymentInstrument.h; sourceTree = "<group>"; };
		C1B3EB6C1FBD6F23009C99FB /* RLMPaymentInstrument.m */ = {isa = PBXFileReference; lastKnownFileType = sourcecode.c.objc; path = RLMPaymentInstrument.m; sourceTree = "<group>"; };
		C1B3EB6D1FBD6F23009C99FB /* RLMTransaction.h */ = {isa = PBXFileReference; lastKnownFileType = sourcecode.c.h; path = RLMTransaction.h; sourceTree = "<group>"; };
		C1B3EB6E1FBD6F23009C99FB /* RLMTransaction.m */ = {isa = PBXFileReference; lastKnownFileType = sourcecode.c.objc; path = RLMTransaction.m; sourceTree = "<group>"; };
		C1B3EB6F1FBD6F23009C99FB /* RLMUser.h */ = {isa = PBXFileReference; lastKnownFileType = sourcecode.c.h; path = RLMUser.h; sourceTree = "<group>"; };
		C1B3EB701FBD6F23009C99FB /* RLMUser.m */ = {isa = PBXFileReference; lastKnownFileType = sourcecode.c.objc; path = RLMUser.m; sourceTree = "<group>"; };
		C1C077771FAA106400D26D8C /* ChangeDefaultCardRequest.h */ = {isa = PBXFileReference; lastKnownFileType = sourcecode.c.h; path = ChangeDefaultCardRequest.h; sourceTree = "<group>"; };
		C1C077781FAA106400D26D8C /* ChangeDefaultCardRequest.m */ = {isa = PBXFileReference; lastKnownFileType = sourcecode.c.objc; path = ChangeDefaultCardRequest.m; sourceTree = "<group>"; };
		C1C0777A1FAA128700D26D8C /* TransactionsRequest.h */ = {isa = PBXFileReference; lastKnownFileType = sourcecode.c.h; path = TransactionsRequest.h; sourceTree = "<group>"; };
		C1C0777B1FAA128700D26D8C /* TransactionsRequest.m */ = {isa = PBXFileReference; lastKnownFileType = sourcecode.c.objc; path = TransactionsRequest.m; sourceTree = "<group>"; };
		C1C0777D1FAA14DE00D26D8C /* MakePaymentRequest.h */ = {isa = PBXFileReference; lastKnownFileType = sourcecode.c.h; path = MakePaymentRequest.h; sourceTree = "<group>"; };
		C1C0777E1FAA14DE00D26D8C /* MakePaymentRequest.m */ = {isa = PBXFileReference; lastKnownFileType = sourcecode.c.objc; path = MakePaymentRequest.m; sourceTree = "<group>"; };
		C1D5BC8D1FA6BA4A0050CE45 /* PinDialogViewController.h */ = {isa = PBXFileReference; lastKnownFileType = sourcecode.c.h; path = PinDialogViewController.h; sourceTree = "<group>"; };
		C1D5BC8E1FA6BA4A0050CE45 /* PinDialogViewController.m */ = {isa = PBXFileReference; lastKnownFileType = sourcecode.c.objc; path = PinDialogViewController.m; sourceTree = "<group>"; };
		C1D5BC901FA6E2CF0050CE45 /* ReceiptViewController.h */ = {isa = PBXFileReference; lastKnownFileType = sourcecode.c.h; path = ReceiptViewController.h; sourceTree = "<group>"; };
		C1D5BC911FA6E2CF0050CE45 /* ReceiptViewController.m */ = {isa = PBXFileReference; lastKnownFileType = sourcecode.c.objc; path = ReceiptViewController.m; sourceTree = "<group>"; };
		C1D5BC951FA80B3E0050CE45 /* BaseViewController.h */ = {isa = PBXFileReference; lastKnownFileType = sourcecode.c.h; path = BaseViewController.h; sourceTree = "<group>"; };
		C1D5BC961FA80B3E0050CE45 /* BaseViewController.m */ = {isa = PBXFileReference; lastKnownFileType = sourcecode.c.objc; path = BaseViewController.m; sourceTree = "<group>"; };
		C1D5BC981FA817C00050CE45 /* CardChooserViewController.h */ = {isa = PBXFileReference; lastKnownFileType = sourcecode.c.h; path = CardChooserViewController.h; sourceTree = "<group>"; };
		C1D5BC991FA817C00050CE45 /* CardChooserViewController.m */ = {isa = PBXFileReference; lastKnownFileType = sourcecode.c.objc; path = CardChooserViewController.m; sourceTree = "<group>"; };
		C1D5BCA31FA82B8F0050CE45 /* InstrumentChooserTableViewCell.h */ = {isa = PBXFileReference; lastKnownFileType = sourcecode.c.h; path = InstrumentChooserTableViewCell.h; sourceTree = "<group>"; };
		C1D5BCA41FA82B8F0050CE45 /* InstrumentChooserTableViewCell.m */ = {isa = PBXFileReference; lastKnownFileType = sourcecode.c.objc; path = InstrumentChooserTableViewCell.m; sourceTree = "<group>"; };
		C1D5BCA51FA82B8F0050CE45 /* InstrumentChooserTableViewCell.xib */ = {isa = PBXFileReference; lastKnownFileType = file.xib; path = InstrumentChooserTableViewCell.xib; sourceTree = "<group>"; };
		C1D5BCA81FA8471B0050CE45 /* CurrencyFormatter.h */ = {isa = PBXFileReference; lastKnownFileType = sourcecode.c.h; path = CurrencyFormatter.h; sourceTree = "<group>"; };
		C1D5BCA91FA8471B0050CE45 /* CurrencyFormatter.m */ = {isa = PBXFileReference; lastKnownFileType = sourcecode.c.objc; path = CurrencyFormatter.m; sourceTree = "<group>"; };
		C1D5BCB11FA87A000050CE45 /* LoginRequest.h */ = {isa = PBXFileReference; lastKnownFileType = sourcecode.c.h; path = LoginRequest.h; sourceTree = "<group>"; };
		C1D5BCB21FA87A000050CE45 /* LoginRequest.m */ = {isa = PBXFileReference; lastKnownFileType = sourcecode.c.objc; path = LoginRequest.m; sourceTree = "<group>"; };
		C1D5BCB41FA882F80050CE45 /* GetUserInfoRequest.h */ = {isa = PBXFileReference; lastKnownFileType = sourcecode.c.h; path = GetUserInfoRequest.h; sourceTree = "<group>"; };
		C1D5BCB51FA882F80050CE45 /* GetUserInfoRequest.m */ = {isa = PBXFileReference; lastKnownFileType = sourcecode.c.objc; path = GetUserInfoRequest.m; sourceTree = "<group>"; };
		C1D5BCB71FA884680050CE45 /* BaseRequest.h */ = {isa = PBXFileReference; lastKnownFileType = sourcecode.c.h; path = BaseRequest.h; sourceTree = "<group>"; };
		C1D5BCB81FA884680050CE45 /* BaseRequest.m */ = {isa = PBXFileReference; lastKnownFileType = sourcecode.c.objc; path = BaseRequest.m; sourceTree = "<group>"; };
		C1D5BCBA1FA885610050CE45 /* LogoutRequest.h */ = {isa = PBXFileReference; lastKnownFileType = sourcecode.c.h; path = LogoutRequest.h; sourceTree = "<group>"; };
		C1D5BCBB1FA885610050CE45 /* LogoutRequest.m */ = {isa = PBXFileReference; lastKnownFileType = sourcecode.c.objc; path = LogoutRequest.m; sourceTree = "<group>"; };
		DB0280776098EA1A7741FE41 /* Pods_MPQRPaymentTests.framework */ = {isa = PBXFileReference; explicitFileType = wrapper.framework; includeInIndex = 0; path = Pods_MPQRPaymentTests.framework; sourceTree = BUILT_PRODUCTS_DIR; };
/* End PBXFileReference section */

/* Begin PBXFrameworksBuildPhase section */
		C1B29B6D1FA06FBD00EA873F /* Frameworks */ = {
			isa = PBXFrameworksBuildPhase;
			buildActionMask = 2147483647;
			files = (
				1E04A49503777A4884AF3B2C /* Pods_MPQRPayment.framework in Frameworks */,
			);
			runOnlyForDeploymentPostprocessing = 0;
		};
		C1B29B851FA06FBD00EA873F /* Frameworks */ = {
			isa = PBXFrameworksBuildPhase;
			buildActionMask = 2147483647;
			files = (
				2B3F55C822449BB873B477F8 /* Pods_MPQRPaymentTests.framework in Frameworks */,
			);
			runOnlyForDeploymentPostprocessing = 0;
		};
/* End PBXFrameworksBuildPhase section */

/* Begin PBXGroup section */
		63DBFDAD1A788945C629C734 /* Pods */ = {
			isa = PBXGroup;
			children = (
				A8D394D60302AD498BA79033 /* Pods-MPQRPayment.debug.xcconfig */,
				3E1DBE0D57F0A70FFCFA335C /* Pods-MPQRPayment.release.xcconfig */,
				090F6C11300E6AEE939A12B4 /* Pods-MPQRPaymentTests.debug.xcconfig */,
				02957072AFC40B903C4C0997 /* Pods-MPQRPaymentTests.release.xcconfig */,
			);
			name = Pods;
			sourceTree = "<group>";
		};
		C10736B21FA08D6D00646ACE /* Utils */ = {
			isa = PBXGroup;
			children = (
				C1481A481FA59A910044FAA3 /* ColorManager.h */,
				C1481A491FA59A910044FAA3 /* ColorManager.m */,
				C1D5BCA81FA8471B0050CE45 /* CurrencyFormatter.h */,
				C1D5BCA91FA8471B0050CE45 /* CurrencyFormatter.m */,
			);
			path = Utils;
			sourceTree = "<group>";
		};
		C10736BC1FA0CCD100646ACE /* Netwrok */ = {
			isa = PBXGroup;
			children = (
				C1B3EB6A1FBD6F23009C99FB /* Model */,
				C1D5BCB01FA879E00050CE45 /* Request */,
				C10736C41FA0D4E600646ACE /* MockServer */,
				C10736C01FA0CF4500646ACE /* Response */,
				C10736BD1FA0CD6500646ACE /* MPQRService.h */,
				C10736BE1FA0CD6500646ACE /* MPQRService.m */,
			);
			path = Netwrok;
			sourceTree = "<group>";
		};
		C10736C01FA0CF4500646ACE /* Response */ = {
			isa = PBXGroup;
			children = (
				C10736C11FA0CF7D00646ACE /* LoginResponse.h */,
				C10736C21FA0CF7D00646ACE /* LoginResponse.m */,
			);
			path = Response;
			sourceTree = "<group>";
		};
		C10736C41FA0D4E600646ACE /* MockServer */ = {
			isa = PBXGroup;
			children = (
				C10736C51FA0D50200646ACE /* MPQRServer.h */,
				C10736C61FA0D50200646ACE /* MPQRServer.m */,
			);
			path = MockServer;
			sourceTree = "<group>";
		};
		C10736D11FA1795E00646ACE /* Login */ = {
			isa = PBXGroup;
			children = (
				C10736D21FA1798500646ACE /* LoginViewController.h */,
				C10736D31FA1798500646ACE /* LoginViewController.m */,
			);
			path = Login;
			sourceTree = "<group>";
		};
		C10736D81FA1AA5900646ACE /* AppManagers */ = {
			isa = PBXGroup;
			children = (
				C10736D91FA1AA8900646ACE /* UserManager.h */,
				C10736DA1FA1AA8900646ACE /* UserManager.m */,
				C10736D51FA17C8200646ACE /* LoginManager.h */,
				C10736D61FA17C8200646ACE /* LoginManager.m */,
				C10736DD1FA1F71A00646ACE /* PaymentManager.h */,
				C10736DE1FA1F71A00646ACE /* PaymentManager.m */,
			);
			path = AppManagers;
			sourceTree = "<group>";
		};
		C10736DC1FA1F6DA00646ACE /* Payment */ = {
			isa = PBXGroup;
			children = (
				C13D1AC31FBC107800C29CB0 /* MoneyInput.h */,
				C13D1AC41FBC107800C29CB0 /* MoneyInput.m */,
				C10736E01FA21E1E00646ACE /* PaymentViewController.h */,
				C10736E11FA21E1E00646ACE /* PaymentViewController.m */,
				C1D5BC901FA6E2CF0050CE45 /* ReceiptViewController.h */,
				C1D5BC911FA6E2CF0050CE45 /* ReceiptViewController.m */,
			);
			path = Payment;
			sourceTree = "<group>";
		};
		C10736E31FA2D57100646ACE /* TransactionHistory */ = {
			isa = PBXGroup;
			children = (
				C10736E71FA2DADA00646ACE /* TransactionListViewController.h */,
				C10736E81FA2DADA00646ACE /* TransactionListViewController.m */,
				C10736EA1FA320D400646ACE /* TransactionDetailViewController.h */,
				C10736EB1FA320D400646ACE /* TransactionDetailViewController.m */,
			);
			path = TransactionHistory;
			sourceTree = "<group>";
		};
		C1B29B671FA06FBC00EA873F = {
			isa = PBXGroup;
			children = (
				C1B29B721FA06FBD00EA873F /* MPQRPayment */,
				C1B29B8B1FA06FBD00EA873F /* MPQRPaymentTests */,
				C1B29B711FA06FBD00EA873F /* Products */,
				63DBFDAD1A788945C629C734 /* Pods */,
				E3EE7BA012542456D6C4B740 /* Frameworks */,
			);
			sourceTree = "<group>";
		};
		C1B29B711FA06FBD00EA873F /* Products */ = {
			isa = PBXGroup;
			children = (
				C1B29B701FA06FBD00EA873F /* MPQRPayment.app */,
				C1B29B881FA06FBD00EA873F /* MPQRPaymentTests.xctest */,
			);
			name = Products;
			sourceTree = "<group>";
		};
		C1B29B721FA06FBD00EA873F /* MPQRPayment */ = {
			isa = PBXGroup;
			children = (
				C1D5BC941FA80B1E0050CE45 /* BaseClass */,
				C1D5BC931FA80AB90050CE45 /* CustomDialogUtils */,
				C10736E31FA2D57100646ACE /* TransactionHistory */,
				C10736DC1FA1F6DA00646ACE /* Payment */,
				C10736D81FA1AA5900646ACE /* AppManagers */,
				C10736D11FA1795E00646ACE /* Login */,
				C10736BC1FA0CCD100646ACE /* Netwrok */,
				C10736B21FA08D6D00646ACE /* Utils */,
				C1B29B991FA0886600EA873F /* Model */,
				C1B29B731FA06FBD00EA873F /* AppDelegate.h */,
				C1B29B741FA06FBD00EA873F /* AppDelegate.m */,
				C1B29B761FA06FBD00EA873F /* MainViewController.h */,
				C1B29B771FA06FBD00EA873F /* MainViewController.m */,
				C1B29B791FA06FBD00EA873F /* Main.storyboard */,
				C1B29B7C1FA06FBD00EA873F /* Assets.xcassets */,
				C1B29B7E1FA06FBD00EA873F /* LaunchScreen.storyboard */,
				C1B29B811FA06FBD00EA873F /* Info.plist */,
				C1B29B821FA06FBD00EA873F /* main.m */,
			);
			path = MPQRPayment;
			sourceTree = "<group>";
		};
		C1B29B8B1FA06FBD00EA873F /* MPQRPaymentTests */ = {
			isa = PBXGroup;
			children = (
				C1B29B8C1FA06FBD00EA873F /* MPQRPaymentTests.m */,
				C1B29B8E1FA06FBD00EA873F /* Info.plist */,
			);
			path = MPQRPaymentTests;
			sourceTree = "<group>";
		};
		C1B29B991FA0886600EA873F /* Model */ = {
			isa = PBXGroup;
			children = (
				C10736B91FA09B9000646ACE /* User.h */,
				C10736BA1FA09B9000646ACE /* User.m */,
				C10736AF1FA08C0000646ACE /* Transaction.h */,
				C10736B01FA08C0000646ACE /* Transaction.m */,
				C10736B61FA093E500646ACE /* PaymentInstrument.h */,
				C10736B71FA093E500646ACE /* PaymentInstrument.m */,
				C10736C91FA14E8D00646ACE /* Receipt.h */,
				C10736C81FA14E8D00646ACE /* Receipt.m */,
				C10736CB1FA1508B00646ACE /* Merchant.h */,
				C10736CC1FA1508B00646ACE /* Merchant.m */,
				C10736CE1FA1753100646ACE /* PaymentData.h */,
				C10736CF1FA1753100646ACE /* PaymentData.m */,
			);
			path = Model;
			sourceTree = "<group>";
		};
		C1B3EB6A1FBD6F23009C99FB /* Model */ = {
			isa = PBXGroup;
			children = (
				C1B3EB6B1FBD6F23009C99FB /* RLMPaymentInstrument.h */,
				C1B3EB6C1FBD6F23009C99FB /* RLMPaymentInstrument.m */,
				C1B3EB6D1FBD6F23009C99FB /* RLMTransaction.h */,
				C1B3EB6E1FBD6F23009C99FB /* RLMTransaction.m */,
				C1B3EB6F1FBD6F23009C99FB /* RLMUser.h */,
				C1B3EB701FBD6F23009C99FB /* RLMUser.m */,
			);
			path = Model;
			sourceTree = "<group>";
		};
		C1D5BC931FA80AB90050CE45 /* CustomDialogUtils */ = {
			isa = PBXGroup;
			children = (
				C1D5BCAB1FA853230050CE45 /* InstrumentChooser */,
				C1481A451FA598D30044FAA3 /* DialogViewController.h */,
				C1481A461FA598D30044FAA3 /* DialogViewController.m */,
				C1D5BC8D1FA6BA4A0050CE45 /* PinDialogViewController.h */,
				C1D5BC8E1FA6BA4A0050CE45 /* PinDialogViewController.m */,
			);
			path = CustomDialogUtils;
			sourceTree = "<group>";
		};
		C1D5BC941FA80B1E0050CE45 /* BaseClass */ = {
			isa = PBXGroup;
			children = (
				C1D5BC951FA80B3E0050CE45 /* BaseViewController.h */,
				C1D5BC961FA80B3E0050CE45 /* BaseViewController.m */,
			);
			path = BaseClass;
			sourceTree = "<group>";
		};
		C1D5BCAB1FA853230050CE45 /* InstrumentChooser */ = {
			isa = PBXGroup;
			children = (
				C1D5BC981FA817C00050CE45 /* CardChooserViewController.h */,
				C1D5BC991FA817C00050CE45 /* CardChooserViewController.m */,
				C1D5BCA31FA82B8F0050CE45 /* InstrumentChooserTableViewCell.h */,
				C1D5BCA41FA82B8F0050CE45 /* InstrumentChooserTableViewCell.m */,
				C1D5BCA51FA82B8F0050CE45 /* InstrumentChooserTableViewCell.xib */,
			);
			path = InstrumentChooser;
			sourceTree = "<group>";
		};
		C1D5BCB01FA879E00050CE45 /* Request */ = {
			isa = PBXGroup;
			children = (
				C1D5BCB71FA884680050CE45 /* BaseRequest.h */,
				C1D5BCB81FA884680050CE45 /* BaseRequest.m */,
				C1D5BCB11FA87A000050CE45 /* LoginRequest.h */,
				C1D5BCB21FA87A000050CE45 /* LoginRequest.m */,
				C1D5BCB41FA882F80050CE45 /* GetUserInfoRequest.h */,
				C1D5BCB51FA882F80050CE45 /* GetUserInfoRequest.m */,
				C1D5BCBA1FA885610050CE45 /* LogoutRequest.h */,
				C1D5BCBB1FA885610050CE45 /* LogoutRequest.m */,
				C1C077771FAA106400D26D8C /* ChangeDefaultCardRequest.h */,
				C1C077781FAA106400D26D8C /* ChangeDefaultCardRequest.m */,
				C1C0777A1FAA128700D26D8C /* TransactionsRequest.h */,
				C1C0777B1FAA128700D26D8C /* TransactionsRequest.m */,
				C1C0777D1FAA14DE00D26D8C /* MakePaymentRequest.h */,
				C1C0777E1FAA14DE00D26D8C /* MakePaymentRequest.m */,
			);
			path = Request;
			sourceTree = "<group>";
		};
		E3EE7BA012542456D6C4B740 /* Frameworks */ = {
			isa = PBXGroup;
			children = (
				88BD9B435CCAC46108932C17 /* Pods_MPQRPayment.framework */,
				DB0280776098EA1A7741FE41 /* Pods_MPQRPaymentTests.framework */,
			);
			name = Frameworks;
			sourceTree = "<group>";
		};
/* End PBXGroup section */

/* Begin PBXNativeTarget section */
		C1B29B6F1FA06FBD00EA873F /* MPQRPayment */ = {
			isa = PBXNativeTarget;
			buildConfigurationList = C1B29B911FA06FBD00EA873F /* Build configuration list for PBXNativeTarget "MPQRPayment" */;
			buildPhases = (
				86AC68E3A02CE61A7AF5C172 /* [CP] Check Pods Manifest.lock */,
				C1B29B6C1FA06FBD00EA873F /* Sources */,
				C1B29B6D1FA06FBD00EA873F /* Frameworks */,
				C1B29B6E1FA06FBD00EA873F /* Resources */,
				D7BFF02E47E352F1133D6FCE /* [CP] Embed Pods Frameworks */,
				65BE93CE7139808F3276F50D /* [CP] Copy Pods Resources */,
			);
			buildRules = (
			);
			dependencies = (
			);
			name = MPQRPayment;
			productName = MPQRPayment;
			productReference = C1B29B701FA06FBD00EA873F /* MPQRPayment.app */;
			productType = "com.apple.product-type.application";
		};
		C1B29B871FA06FBD00EA873F /* MPQRPaymentTests */ = {
			isa = PBXNativeTarget;
			buildConfigurationList = C1B29B941FA06FBD00EA873F /* Build configuration list for PBXNativeTarget "MPQRPaymentTests" */;
			buildPhases = (
				58B15324A44AA88B60DBCB3E /* [CP] Check Pods Manifest.lock */,
				C1B29B841FA06FBD00EA873F /* Sources */,
				C1B29B851FA06FBD00EA873F /* Frameworks */,
				C1B29B861FA06FBD00EA873F /* Resources */,
				0569416BCA0CE7408A79F85C /* [CP] Embed Pods Frameworks */,
				62A2BB3FE00BE34FB95AEA0A /* [CP] Copy Pods Resources */,
			);
			buildRules = (
			);
			dependencies = (
				C1B29B8A1FA06FBD00EA873F /* PBXTargetDependency */,
			);
			name = MPQRPaymentTests;
			productName = MPQRPaymentTests;
			productReference = C1B29B881FA06FBD00EA873F /* MPQRPaymentTests.xctest */;
			productType = "com.apple.product-type.bundle.unit-test";
		};
/* End PBXNativeTarget section */

/* Begin PBXProject section */
		C1B29B681FA06FBC00EA873F /* Project object */ = {
			isa = PBXProject;
			attributes = {
				LastUpgradeCheck = 0900;
				ORGANIZATIONNAME = "Muchamad Chozinul Amri";
				TargetAttributes = {
					C1B29B6F1FA06FBD00EA873F = {
						CreatedOnToolsVersion = 9.0;
						ProvisioningStyle = Automatic;
					};
					C1B29B871FA06FBD00EA873F = {
						CreatedOnToolsVersion = 9.0;
						ProvisioningStyle = Automatic;
						TestTargetID = C1B29B6F1FA06FBD00EA873F;
					};
				};
			};
			buildConfigurationList = C1B29B6B1FA06FBC00EA873F /* Build configuration list for PBXProject "MPQRPayment" */;
			compatibilityVersion = "Xcode 8.0";
			developmentRegion = en;
			hasScannedForEncodings = 0;
			knownRegions = (
				en,
				Base,
			);
			mainGroup = C1B29B671FA06FBC00EA873F;
			productRefGroup = C1B29B711FA06FBD00EA873F /* Products */;
			projectDirPath = "";
			projectRoot = "";
			targets = (
				C1B29B6F1FA06FBD00EA873F /* MPQRPayment */,
				C1B29B871FA06FBD00EA873F /* MPQRPaymentTests */,
			);
		};
/* End PBXProject section */

/* Begin PBXResourcesBuildPhase section */
		C1B29B6E1FA06FBD00EA873F /* Resources */ = {
			isa = PBXResourcesBuildPhase;
			buildActionMask = 2147483647;
			files = (
				C1B29B801FA06FBD00EA873F /* LaunchScreen.storyboard in Resources */,
				C1D5BCA71FA82B8F0050CE45 /* InstrumentChooserTableViewCell.xib in Resources */,
				C1B29B7D1FA06FBD00EA873F /* Assets.xcassets in Resources */,
				C1B29B7B1FA06FBD00EA873F /* Main.storyboard in Resources */,
			);
			runOnlyForDeploymentPostprocessing = 0;
		};
		C1B29B861FA06FBD00EA873F /* Resources */ = {
			isa = PBXResourcesBuildPhase;
			buildActionMask = 2147483647;
			files = (
			);
			runOnlyForDeploymentPostprocessing = 0;
		};
/* End PBXResourcesBuildPhase section */

/* Begin PBXShellScriptBuildPhase section */
		0569416BCA0CE7408A79F85C /* [CP] Embed Pods Frameworks */ = {
			isa = PBXShellScriptBuildPhase;
			buildActionMask = 2147483647;
			files = (
			);
			inputPaths = (
			);
			name = "[CP] Embed Pods Frameworks";
			outputPaths = (
			);
			runOnlyForDeploymentPostprocessing = 0;
			shellPath = /bin/sh;
			shellScript = "\"${SRCROOT}/Pods/Target Support Files/Pods-MPQRPaymentTests/Pods-MPQRPaymentTests-frameworks.sh\"\n";
			showEnvVarsInLog = 0;
		};
		58B15324A44AA88B60DBCB3E /* [CP] Check Pods Manifest.lock */ = {
			isa = PBXShellScriptBuildPhase;
			buildActionMask = 2147483647;
			files = (
			);
			inputPaths = (
				"${PODS_PODFILE_DIR_PATH}/Podfile.lock",
				"${PODS_ROOT}/Manifest.lock",
			);
			name = "[CP] Check Pods Manifest.lock";
			outputPaths = (
				"$(DERIVED_FILE_DIR)/Pods-MPQRPaymentTests-checkManifestLockResult.txt",
			);
			runOnlyForDeploymentPostprocessing = 0;
			shellPath = /bin/sh;
			shellScript = "diff \"${PODS_PODFILE_DIR_PATH}/Podfile.lock\" \"${PODS_ROOT}/Manifest.lock\" > /dev/null\nif [ $? != 0 ] ; then\n    # print error to STDERR\n    echo \"error: The sandbox is not in sync with the Podfile.lock. Run 'pod install' or update your CocoaPods installation.\" >&2\n    exit 1\nfi\n# This output is used by Xcode 'outputs' to avoid re-running this script phase.\necho \"SUCCESS\" > \"${SCRIPT_OUTPUT_FILE_0}\"\n";
			showEnvVarsInLog = 0;
		};
		62A2BB3FE00BE34FB95AEA0A /* [CP] Copy Pods Resources */ = {
			isa = PBXShellScriptBuildPhase;
			buildActionMask = 2147483647;
			files = (
			);
			inputPaths = (
			);
			name = "[CP] Copy Pods Resources";
			outputPaths = (
			);
			runOnlyForDeploymentPostprocessing = 0;
			shellPath = /bin/sh;
			shellScript = "\"${SRCROOT}/Pods/Target Support Files/Pods-MPQRPaymentTests/Pods-MPQRPaymentTests-resources.sh\"\n";
			showEnvVarsInLog = 0;
		};
		65BE93CE7139808F3276F50D /* [CP] Copy Pods Resources */ = {
			isa = PBXShellScriptBuildPhase;
			buildActionMask = 2147483647;
			files = (
			);
			inputPaths = (
			);
			name = "[CP] Copy Pods Resources";
			outputPaths = (
			);
			runOnlyForDeploymentPostprocessing = 0;
			shellPath = /bin/sh;
			shellScript = "\"${SRCROOT}/Pods/Target Support Files/Pods-MPQRPayment/Pods-MPQRPayment-resources.sh\"\n";
			showEnvVarsInLog = 0;
		};
		86AC68E3A02CE61A7AF5C172 /* [CP] Check Pods Manifest.lock */ = {
			isa = PBXShellScriptBuildPhase;
			buildActionMask = 2147483647;
			files = (
			);
			inputPaths = (
				"${PODS_PODFILE_DIR_PATH}/Podfile.lock",
				"${PODS_ROOT}/Manifest.lock",
			);
			name = "[CP] Check Pods Manifest.lock";
			outputPaths = (
				"$(DERIVED_FILE_DIR)/Pods-MPQRPayment-checkManifestLockResult.txt",
			);
			runOnlyForDeploymentPostprocessing = 0;
			shellPath = /bin/sh;
			shellScript = "diff \"${PODS_PODFILE_DIR_PATH}/Podfile.lock\" \"${PODS_ROOT}/Manifest.lock\" > /dev/null\nif [ $? != 0 ] ; then\n    # print error to STDERR\n    echo \"error: The sandbox is not in sync with the Podfile.lock. Run 'pod install' or update your CocoaPods installation.\" >&2\n    exit 1\nfi\n# This output is used by Xcode 'outputs' to avoid re-running this script phase.\necho \"SUCCESS\" > \"${SCRIPT_OUTPUT_FILE_0}\"\n";
			showEnvVarsInLog = 0;
		};
		D7BFF02E47E352F1133D6FCE /* [CP] Embed Pods Frameworks */ = {
			isa = PBXShellScriptBuildPhase;
			buildActionMask = 2147483647;
			files = (
			);
			inputPaths = (
				"${SRCROOT}/Pods/Target Support Files/Pods-MPQRPayment/Pods-MPQRPayment-frameworks.sh",
				"${BUILT_PRODUCTS_DIR}/DLRadioButton/DLRadioButton.framework",
				"${BUILT_PRODUCTS_DIR}/FSPagerView/FSPagerView.framework",
				"${PODS_ROOT}/MasterpassQRCoreSDK/Frameworks/MasterpassQRCoreSDK.framework",
				"${PODS_ROOT}/MasterpassQRScanSDK/Frameworks/MasterpassQRScanSDK.framework",
				"${BUILT_PRODUCTS_DIR}/MaterialTextField/MaterialTextField.framework",
				"${BUILT_PRODUCTS_DIR}/Realm/Realm.framework",
			);
			name = "[CP] Embed Pods Frameworks";
			outputPaths = (
				"${TARGET_BUILD_DIR}/${FRAMEWORKS_FOLDER_PATH}/DLRadioButton.framework",
				"${TARGET_BUILD_DIR}/${FRAMEWORKS_FOLDER_PATH}/FSPagerView.framework",
				"${TARGET_BUILD_DIR}/${FRAMEWORKS_FOLDER_PATH}/MasterpassQRCoreSDK.framework",
				"${TARGET_BUILD_DIR}/${FRAMEWORKS_FOLDER_PATH}/MasterpassQRScanSDK.framework",
				"${TARGET_BUILD_DIR}/${FRAMEWORKS_FOLDER_PATH}/MaterialTextField.framework",
				"${TARGET_BUILD_DIR}/${FRAMEWORKS_FOLDER_PATH}/Realm.framework",
			);
			runOnlyForDeploymentPostprocessing = 0;
			shellPath = /bin/sh;
			shellScript = "\"${SRCROOT}/Pods/Target Support Files/Pods-MPQRPayment/Pods-MPQRPayment-frameworks.sh\"\n";
			showEnvVarsInLog = 0;
		};
/* End PBXShellScriptBuildPhase section */

/* Begin PBXSourcesBuildPhase section */
		C1B29B6C1FA06FBD00EA873F /* Sources */ = {
			isa = PBXSourcesBuildPhase;
			buildActionMask = 2147483647;
			files = (
				C1C0777F1FAA14DE00D26D8C /* MakePaymentRequest.m in Sources */,
				C10736C71FA0D50200646ACE /* MPQRServer.m in Sources */,
				C1B29B781FA06FBD00EA873F /* MainViewController.m in Sources */,
				C1481A4A1FA59A910044FAA3 /* ColorManager.m in Sources */,
				C10736DB1FA1AA8900646ACE /* UserManager.m in Sources */,
				C10736BF1FA0CD6500646ACE /* MPQRService.m in Sources */,
				C1C0777C1FAA128700D26D8C /* TransactionsRequest.m in Sources */,
				C10736BB1FA09B9000646ACE /* User.m in Sources */,
				C10736D41FA1798500646ACE /* LoginViewController.m in Sources */,
				C1D5BCA61FA82B8F0050CE45 /* InstrumentChooserTableViewCell.m in Sources */,
				C1B3EB721FBD6F2F009C99FB /* RLMTransaction.m in Sources */,
				C1D5BCB31FA87A000050CE45 /* LoginRequest.m in Sources */,
				C10736D71FA17C8200646ACE /* LoginManager.m in Sources */,
				C1D5BC8F1FA6BA4A0050CE45 /* PinDialogViewController.m in Sources */,
				C1D5BCB91FA884680050CE45 /* BaseRequest.m in Sources */,
				C10736C31FA0CF7D00646ACE /* LoginResponse.m in Sources */,
				C1D5BCB61FA882F80050CE45 /* GetUserInfoRequest.m in Sources */,
				C1D5BC971FA80B3E0050CE45 /* BaseViewController.m in Sources */,
				C1D5BCBC1FA885610050CE45 /* LogoutRequest.m in Sources */,
				C13D1AC51FBC107800C29CB0 /* MoneyInput.m in Sources */,
				C1B3EB711FBD6F2C009C99FB /* RLMPaymentInstrument.m in Sources */,
				C10736E21FA21E1E00646ACE /* PaymentViewController.m in Sources */,
				C1B29B831FA06FBD00EA873F /* main.m in Sources */,
				C1D5BC921FA6E2CF0050CE45 /* ReceiptViewController.m in Sources */,
				C10736DF1FA1F71A00646ACE /* PaymentManager.m in Sources */,
				C10736EC1FA320D400646ACE /* TransactionDetailViewController.m in Sources */,
				C10736CD1FA1508B00646ACE /* Merchant.m in Sources */,
				C10736B11FA08C0000646ACE /* Transaction.m in Sources */,
				C1C077791FAA106400D26D8C /* ChangeDefaultCardRequest.m in Sources */,
				C10736E91FA2DADA00646ACE /* TransactionListViewController.m in Sources */,
				C1D5BC9A1FA817C00050CE45 /* CardChooserViewController.m in Sources */,
				C1D5BCAA1FA8471B0050CE45 /* CurrencyFormatter.m in Sources */,
				C10736CA1FA14E8D00646ACE /* Receipt.m in Sources */,
				C10736D01FA1753100646ACE /* PaymentData.m in Sources */,
				C1B3EB731FBD6F33009C99FB /* RLMUser.m in Sources */,
				C1B29B751FA06FBD00EA873F /* AppDelegate.m in Sources */,
				C1481A471FA598D30044FAA3 /* DialogViewController.m in Sources */,
				C10736B81FA093E500646ACE /* PaymentInstrument.m in Sources */,
			);
			runOnlyForDeploymentPostprocessing = 0;
		};
		C1B29B841FA06FBD00EA873F /* Sources */ = {
			isa = PBXSourcesBuildPhase;
			buildActionMask = 2147483647;
			files = (
				C1B29B8D1FA06FBD00EA873F /* MPQRPaymentTests.m in Sources */,
			);
			runOnlyForDeploymentPostprocessing = 0;
		};
/* End PBXSourcesBuildPhase section */

/* Begin PBXTargetDependency section */
		C1B29B8A1FA06FBD00EA873F /* PBXTargetDependency */ = {
			isa = PBXTargetDependency;
			target = C1B29B6F1FA06FBD00EA873F /* MPQRPayment */;
			targetProxy = C1B29B891FA06FBD00EA873F /* PBXContainerItemProxy */;
		};
/* End PBXTargetDependency section */

/* Begin PBXVariantGroup section */
		C1B29B791FA06FBD00EA873F /* Main.storyboard */ = {
			isa = PBXVariantGroup;
			children = (
				C1B29B7A1FA06FBD00EA873F /* Base */,
			);
			name = Main.storyboard;
			sourceTree = "<group>";
		};
		C1B29B7E1FA06FBD00EA873F /* LaunchScreen.storyboard */ = {
			isa = PBXVariantGroup;
			children = (
				C1B29B7F1FA06FBD00EA873F /* Base */,
			);
			name = LaunchScreen.storyboard;
			sourceTree = "<group>";
		};
/* End PBXVariantGroup section */

/* Begin XCBuildConfiguration section */
		C1B29B8F1FA06FBD00EA873F /* Debug */ = {
			isa = XCBuildConfiguration;
			buildSettings = {
				ALWAYS_SEARCH_USER_PATHS = NO;
				CLANG_ANALYZER_NONNULL = YES;
				CLANG_ANALYZER_NUMBER_OBJECT_CONVERSION = YES_AGGRESSIVE;
				CLANG_CXX_LANGUAGE_STANDARD = "gnu++14";
				CLANG_CXX_LIBRARY = "libc++";
				CLANG_ENABLE_MODULES = YES;
				CLANG_ENABLE_OBJC_ARC = YES;
				CLANG_WARN_BLOCK_CAPTURE_AUTORELEASING = YES;
				CLANG_WARN_BOOL_CONVERSION = YES;
				CLANG_WARN_COMMA = YES;
				CLANG_WARN_CONSTANT_CONVERSION = YES;
				CLANG_WARN_DIRECT_OBJC_ISA_USAGE = YES_ERROR;
				CLANG_WARN_DOCUMENTATION_COMMENTS = YES;
				CLANG_WARN_EMPTY_BODY = YES;
				CLANG_WARN_ENUM_CONVERSION = YES;
				CLANG_WARN_INFINITE_RECURSION = YES;
				CLANG_WARN_INT_CONVERSION = YES;
				CLANG_WARN_NON_LITERAL_NULL_CONVERSION = YES;
				CLANG_WARN_OBJC_LITERAL_CONVERSION = YES;
				CLANG_WARN_OBJC_ROOT_CLASS = YES_ERROR;
				CLANG_WARN_RANGE_LOOP_ANALYSIS = YES;
				CLANG_WARN_STRICT_PROTOTYPES = YES;
				CLANG_WARN_SUSPICIOUS_MOVE = YES;
				CLANG_WARN_UNGUARDED_AVAILABILITY = YES_AGGRESSIVE;
				CLANG_WARN_UNREACHABLE_CODE = YES;
				CLANG_WARN__DUPLICATE_METHOD_MATCH = YES;
				CODE_SIGN_IDENTITY = "iPhone Developer";
				COPY_PHASE_STRIP = NO;
				DEBUG_INFORMATION_FORMAT = dwarf;
				ENABLE_STRICT_OBJC_MSGSEND = YES;
				ENABLE_TESTABILITY = YES;
				GCC_C_LANGUAGE_STANDARD = gnu11;
				GCC_DYNAMIC_NO_PIC = NO;
				GCC_NO_COMMON_BLOCKS = YES;
				GCC_OPTIMIZATION_LEVEL = 0;
				GCC_PREPROCESSOR_DEFINITIONS = (
					"DEBUG=1",
					"$(inherited)",
				);
				GCC_WARN_64_TO_32_BIT_CONVERSION = YES;
				GCC_WARN_ABOUT_RETURN_TYPE = YES_ERROR;
				GCC_WARN_UNDECLARED_SELECTOR = YES;
				GCC_WARN_UNINITIALIZED_AUTOS = YES_AGGRESSIVE;
				GCC_WARN_UNUSED_FUNCTION = YES;
				GCC_WARN_UNUSED_VARIABLE = YES;
				IPHONEOS_DEPLOYMENT_TARGET = 11.0;
				MTL_ENABLE_DEBUG_INFO = YES;
				ONLY_ACTIVE_ARCH = YES;
				SDKROOT = iphoneos;
			};
			name = Debug;
		};
		C1B29B901FA06FBD00EA873F /* Release */ = {
			isa = XCBuildConfiguration;
			buildSettings = {
				ALWAYS_SEARCH_USER_PATHS = NO;
				CLANG_ANALYZER_NONNULL = YES;
				CLANG_ANALYZER_NUMBER_OBJECT_CONVERSION = YES_AGGRESSIVE;
				CLANG_CXX_LANGUAGE_STANDARD = "gnu++14";
				CLANG_CXX_LIBRARY = "libc++";
				CLANG_ENABLE_MODULES = YES;
				CLANG_ENABLE_OBJC_ARC = YES;
				CLANG_WARN_BLOCK_CAPTURE_AUTORELEASING = YES;
				CLANG_WARN_BOOL_CONVERSION = YES;
				CLANG_WARN_COMMA = YES;
				CLANG_WARN_CONSTANT_CONVERSION = YES;
				CLANG_WARN_DIRECT_OBJC_ISA_USAGE = YES_ERROR;
				CLANG_WARN_DOCUMENTATION_COMMENTS = YES;
				CLANG_WARN_EMPTY_BODY = YES;
				CLANG_WARN_ENUM_CONVERSION = YES;
				CLANG_WARN_INFINITE_RECURSION = YES;
				CLANG_WARN_INT_CONVERSION = YES;
				CLANG_WARN_NON_LITERAL_NULL_CONVERSION = YES;
				CLANG_WARN_OBJC_LITERAL_CONVERSION = YES;
				CLANG_WARN_OBJC_ROOT_CLASS = YES_ERROR;
				CLANG_WARN_RANGE_LOOP_ANALYSIS = YES;
				CLANG_WARN_STRICT_PROTOTYPES = YES;
				CLANG_WARN_SUSPICIOUS_MOVE = YES;
				CLANG_WARN_UNGUARDED_AVAILABILITY = YES_AGGRESSIVE;
				CLANG_WARN_UNREACHABLE_CODE = YES;
				CLANG_WARN__DUPLICATE_METHOD_MATCH = YES;
				CODE_SIGN_IDENTITY = "iPhone Developer";
				COPY_PHASE_STRIP = NO;
				DEBUG_INFORMATION_FORMAT = "dwarf-with-dsym";
				ENABLE_NS_ASSERTIONS = NO;
				ENABLE_STRICT_OBJC_MSGSEND = YES;
				GCC_C_LANGUAGE_STANDARD = gnu11;
				GCC_NO_COMMON_BLOCKS = YES;
				GCC_WARN_64_TO_32_BIT_CONVERSION = YES;
				GCC_WARN_ABOUT_RETURN_TYPE = YES_ERROR;
				GCC_WARN_UNDECLARED_SELECTOR = YES;
				GCC_WARN_UNINITIALIZED_AUTOS = YES_AGGRESSIVE;
				GCC_WARN_UNUSED_FUNCTION = YES;
				GCC_WARN_UNUSED_VARIABLE = YES;
				IPHONEOS_DEPLOYMENT_TARGET = 11.0;
				MTL_ENABLE_DEBUG_INFO = NO;
				SDKROOT = iphoneos;
				VALIDATE_PRODUCT = YES;
			};
			name = Release;
		};
		C1B29B921FA06FBD00EA873F /* Debug */ = {
			isa = XCBuildConfiguration;
			baseConfigurationReference = A8D394D60302AD498BA79033 /* Pods-MPQRPayment.debug.xcconfig */;
			buildSettings = {
				ASSETCATALOG_COMPILER_APPICON_NAME = AppIcon;
				"CODE_SIGN_IDENTITY[sdk=iphoneos*]" = "iPhone Developer";
				CODE_SIGN_STYLE = Automatic;
				DEVELOPMENT_TEAM = 9T73B6L4GQ;
				INFOPLIST_FILE = MPQRPayment/Info.plist;
				IPHONEOS_DEPLOYMENT_TARGET = 10.0;
				LD_RUNPATH_SEARCH_PATHS = "$(inherited) @executable_path/Frameworks";
				PRODUCT_BUNDLE_IDENTIFIER = com.mastercard.ios.MPQRPayment;
				PRODUCT_NAME = "$(TARGET_NAME)";
				PROVISIONING_PROFILE = "";
				PROVISIONING_PROFILE_SPECIFIER = "";
				TARGETED_DEVICE_FAMILY = "1,2";
				USER_HEADER_SEARCH_PATHS = "${SRCROOT}/**";
				USE_HEADERMAP = NO;
			};
			name = Debug;
		};
		C1B29B931FA06FBD00EA873F /* Release */ = {
			isa = XCBuildConfiguration;
			baseConfigurationReference = 3E1DBE0D57F0A70FFCFA335C /* Pods-MPQRPayment.release.xcconfig */;
			buildSettings = {
				ASSETCATALOG_COMPILER_APPICON_NAME = AppIcon;
				"CODE_SIGN_IDENTITY[sdk=iphoneos*]" = "iPhone Developer";
				CODE_SIGN_STYLE = Automatic;
				DEVELOPMENT_TEAM = 9T73B6L4GQ;
				INFOPLIST_FILE = MPQRPayment/Info.plist;
				IPHONEOS_DEPLOYMENT_TARGET = 10.0;
				LD_RUNPATH_SEARCH_PATHS = "$(inherited) @executable_path/Frameworks";
				PRODUCT_BUNDLE_IDENTIFIER = com.mastercard.ios.MPQRPayment;
				PRODUCT_NAME = "$(TARGET_NAME)";
				PROVISIONING_PROFILE = "";
				PROVISIONING_PROFILE_SPECIFIER = "";
				TARGETED_DEVICE_FAMILY = "1,2";
				USER_HEADER_SEARCH_PATHS = "${SRCROOT}/**";
				USE_HEADERMAP = NO;
			};
			name = Release;
		};
		C1B29B951FA06FBD00EA873F /* Debug */ = {
			isa = XCBuildConfiguration;
			baseConfigurationReference = 090F6C11300E6AEE939A12B4 /* Pods-MPQRPaymentTests.debug.xcconfig */;
			buildSettings = {
				BUNDLE_LOADER = "$(TEST_HOST)";
				CODE_SIGN_STYLE = Automatic;
				DEVELOPMENT_TEAM = FARWN7FEXX;
				INFOPLIST_FILE = MPQRPaymentTests/Info.plist;
				LD_RUNPATH_SEARCH_PATHS = "$(inherited) @executable_path/Frameworks @loader_path/Frameworks";
				PRODUCT_BUNDLE_IDENTIFIER = com.mastercard.ios.MPQRPaymentTests;
				PRODUCT_NAME = "$(TARGET_NAME)";
				TARGETED_DEVICE_FAMILY = "1,2";
				TEST_HOST = "$(BUILT_PRODUCTS_DIR)/MPQRPayment.app/MPQRPayment";
			};
			name = Debug;
		};
		C1B29B961FA06FBD00EA873F /* Release */ = {
			isa = XCBuildConfiguration;
			baseConfigurationReference = 02957072AFC40B903C4C0997 /* Pods-MPQRPaymentTests.release.xcconfig */;
			buildSettings = {
				BUNDLE_LOADER = "$(TEST_HOST)";
				CODE_SIGN_STYLE = Automatic;
				DEVELOPMENT_TEAM = FARWN7FEXX;
				INFOPLIST_FILE = MPQRPaymentTests/Info.plist;
				LD_RUNPATH_SEARCH_PATHS = "$(inherited) @executable_path/Frameworks @loader_path/Frameworks";
				PRODUCT_BUNDLE_IDENTIFIER = com.mastercard.ios.MPQRPaymentTests;
				PRODUCT_NAME = "$(TARGET_NAME)";
				TARGETED_DEVICE_FAMILY = "1,2";
				TEST_HOST = "$(BUILT_PRODUCTS_DIR)/MPQRPayment.app/MPQRPayment";
			};
			name = Release;
		};
/* End XCBuildConfiguration section */

/* Begin XCConfigurationList section */
		C1B29B6B1FA06FBC00EA873F /* Build configuration list for PBXProject "MPQRPayment" */ = {
			isa = XCConfigurationList;
			buildConfigurations = (
				C1B29B8F1FA06FBD00EA873F /* Debug */,
				C1B29B901FA06FBD00EA873F /* Release */,
			);
			defaultConfigurationIsVisible = 0;
			defaultConfigurationName = Release;
		};
		C1B29B911FA06FBD00EA873F /* Build configuration list for PBXNativeTarget "MPQRPayment" */ = {
			isa = XCConfigurationList;
			buildConfigurations = (
				C1B29B921FA06FBD00EA873F /* Debug */,
				C1B29B931FA06FBD00EA873F /* Release */,
			);
			defaultConfigurationIsVisible = 0;
			defaultConfigurationName = Release;
		};
		C1B29B941FA06FBD00EA873F /* Build configuration list for PBXNativeTarget "MPQRPaymentTests" */ = {
			isa = XCConfigurationList;
			buildConfigurations = (
				C1B29B951FA06FBD00EA873F /* Debug */,
				C1B29B961FA06FBD00EA873F /* Release */,
			);
			defaultConfigurationIsVisible = 0;
			defaultConfigurationName = Release;
		};
/* End XCConfigurationList section */
	};
	rootObject = C1B29B681FA06FBC00EA873F /* Project object */;
}
