PODS:
  - DLRadioButton (1.4.11)
  - FSPagerView (0.7.1)
  - MasterpassQRCoreSDK (2.0.3)
  - MasterpassQRScanSDK (2.0.1)
  - MaterialTextField (0.2.1)
  - Realm (3.0.2):
    - Realm/Headers (= 3.0.2)
  - Realm/Headers (3.0.2)

DEPENDENCIES:
  - DLRadioButton (~> 1.4)
  - FSPagerView
  - MasterpassQRCoreSDK
  - MasterpassQRScanSDK
  - MaterialTextField
  - Realm
  - Realm/Headers

SPEC CHECKSUMS:
  DLRadioButton: 0d04b8259e7bfd886571a1e9173c73fee7118f50
  FSPagerView: 958aba39684e1573755ddcfcc29f7eebb8413cee
  MasterpassQRCoreSDK: db2611617ea5193ee8493452c24cf929b42d1a74
  MasterpassQRScanSDK: f1ef0b3bf9a9d02d7ae900cea19a1db97b338e3b
  MaterialTextField: f876a39d571eeece872af6a4da421e3bd065fe0b
  Realm: 6f23fd1f178a09342eac21bfa7c2bf4312a7a180

PODFILE CHECKSUM: 6c1bc8dfae1592735307d42518609ddccac4b42a

COCOAPODS: 1.3.1
